// !$*UTF8*$!
{
	archiveVersion = 1;
	classes = {
	};
	objectVersion = 56;
	objects = {

/* Begin PBXBuildFile section */
		309D09A62918D56D00B020D7 /* AppDelegate.swift in Sources */ = {isa = PBXBuildFile; fileRef = 309D09A52918D56D00B020D7 /* AppDelegate.swift */; };
		309D09A82918D56D00B020D7 /* SceneDelegate.swift in Sources */ = {isa = PBXBuildFile; fileRef = 309D09A72918D56D00B020D7 /* SceneDelegate.swift */; };
		309D09AF2918D56E00B020D7 /* Assets.xcassets in Resources */ = {isa = PBXBuildFile; fileRef = 309D09AE2918D56E00B020D7 /* Assets.xcassets */; };
		309D09B22918D56E00B020D7 /* LaunchScreen.storyboard in Resources */ = {isa = PBXBuildFile; fileRef = 309D09B02918D56E00B020D7 /* LaunchScreen.storyboard */; };
		309D09BD2918D56E00B020D7 /* ThingsflowTests.swift in Sources */ = {isa = PBXBuildFile; fileRef = 309D09BC2918D56E00B020D7 /* ThingsflowTests.swift */; };
		309D09C72918D56E00B020D7 /* ThingsflowUITests.swift in Sources */ = {isa = PBXBuildFile; fileRef = 309D09C62918D56E00B020D7 /* ThingsflowUITests.swift */; };
		309D09C92918D56E00B020D7 /* ThingsflowUITestsLaunchTests.swift in Sources */ = {isa = PBXBuildFile; fileRef = 309D09C82918D56E00B020D7 /* ThingsflowUITestsLaunchTests.swift */; };
		309D09DA2918D8E700B020D7 /* HttpMethod.swift in Sources */ = {isa = PBXBuildFile; fileRef = 309D09D92918D8E700B020D7 /* HttpMethod.swift */; };
		309D09DC2918D95100B020D7 /* NetworkError.swift in Sources */ = {isa = PBXBuildFile; fileRef = 309D09DB2918D95100B020D7 /* NetworkError.swift */; };
		309D09DE2918D99400B020D7 /* Requestable.swift in Sources */ = {isa = PBXBuildFile; fileRef = 309D09DD2918D99400B020D7 /* Requestable.swift */; };
		309D09E22918D9CA00B020D7 /* Encodable+Sugar.swift in Sources */ = {isa = PBXBuildFile; fileRef = 309D09E12918D9CA00B020D7 /* Encodable+Sugar.swift */; };
		309D09E52918D9EA00B020D7 /* Json.swift in Sources */ = {isa = PBXBuildFile; fileRef = 309D09E42918D9EA00B020D7 /* Json.swift */; };
		309D09E72918DA1C00B020D7 /* Endpoint.swift in Sources */ = {isa = PBXBuildFile; fileRef = 309D09E62918DA1C00B020D7 /* Endpoint.swift */; };
		309D09E92918DA4400B020D7 /* NetworkManager.swift in Sources */ = {isa = PBXBuildFile; fileRef = 309D09E82918DA4400B020D7 /* NetworkManager.swift */; };
		309D09EF2918DC7300B020D7 /* Issue.swift in Sources */ = {isa = PBXBuildFile; fileRef = 309D09EE2918DC7300B020D7 /* Issue.swift */; };
		309D09F12918DF2700B020D7 /* EndPointStrage.swift in Sources */ = {isa = PBXBuildFile; fileRef = 309D09F02918DF2700B020D7 /* EndPointStrage.swift */; };
		61C5BFFA6F3C31AF786AD217 /* Pods_ThingsflowTests.framework in Frameworks */ = {isa = PBXBuildFile; fileRef = C3BA0BD4DDDB9C68FBAF14B9 /* Pods_ThingsflowTests.framework */; };
		7F05CF2FD0F804103F79EA8C /* Pods_Thingsflow.framework in Frameworks */ = {isa = PBXBuildFile; fileRef = 57D093B409BD3533F5CF1F3A /* Pods_Thingsflow.framework */; };
		FC232FF404D9CE0385FB950B /* Pods_Thingsflow_ThingsflowUITests.framework in Frameworks */ = {isa = PBXBuildFile; fileRef = 24745CECEBF7D5384DB9EC52 /* Pods_Thingsflow_ThingsflowUITests.framework */; };
/* End PBXBuildFile section */

/* Begin PBXContainerItemProxy section */
		309D09B92918D56E00B020D7 /* PBXContainerItemProxy */ = {
			isa = PBXContainerItemProxy;
			containerPortal = 309D099A2918D56D00B020D7 /* Project object */;
			proxyType = 1;
			remoteGlobalIDString = 309D09A12918D56D00B020D7;
			remoteInfo = Thingsflow;
		};
		309D09C32918D56E00B020D7 /* PBXContainerItemProxy */ = {
			isa = PBXContainerItemProxy;
			containerPortal = 309D099A2918D56D00B020D7 /* Project object */;
			proxyType = 1;
			remoteGlobalIDString = 309D09A12918D56D00B020D7;
			remoteInfo = Thingsflow;
		};
/* End PBXContainerItemProxy section */

/* Begin PBXFileReference section */
		226F9637E60C6D83C7B27B8D /* Pods-Thingsflow-ThingsflowUITests.release.xcconfig */ = {isa = PBXFileReference; includeInIndex = 1; lastKnownFileType = text.xcconfig; name = "Pods-Thingsflow-ThingsflowUITests.release.xcconfig"; path = "Target Support Files/Pods-Thingsflow-ThingsflowUITests/Pods-Thingsflow-ThingsflowUITests.release.xcconfig"; sourceTree = "<group>"; };
		24745CECEBF7D5384DB9EC52 /* Pods_Thingsflow_ThingsflowUITests.framework */ = {isa = PBXFileReference; explicitFileType = wrapper.framework; includeInIndex = 0; path = Pods_Thingsflow_ThingsflowUITests.framework; sourceTree = BUILT_PRODUCTS_DIR; };
		309D09A22918D56D00B020D7 /* Thingsflow.app */ = {isa = PBXFileReference; explicitFileType = wrapper.application; includeInIndex = 0; path = Thingsflow.app; sourceTree = BUILT_PRODUCTS_DIR; };
		309D09A52918D56D00B020D7 /* AppDelegate.swift */ = {isa = PBXFileReference; lastKnownFileType = sourcecode.swift; path = AppDelegate.swift; sourceTree = "<group>"; };
		309D09A72918D56D00B020D7 /* SceneDelegate.swift */ = {isa = PBXFileReference; lastKnownFileType = sourcecode.swift; path = SceneDelegate.swift; sourceTree = "<group>"; };
		309D09AE2918D56E00B020D7 /* Assets.xcassets */ = {isa = PBXFileReference; lastKnownFileType = folder.assetcatalog; path = Assets.xcassets; sourceTree = "<group>"; };
		309D09B12918D56E00B020D7 /* Base */ = {isa = PBXFileReference; lastKnownFileType = file.storyboard; name = Base; path = Base.lproj/LaunchScreen.storyboard; sourceTree = "<group>"; };
		309D09B32918D56E00B020D7 /* Info.plist */ = {isa = PBXFileReference; lastKnownFileType = text.plist.xml; path = Info.plist; sourceTree = "<group>"; };
		309D09B82918D56E00B020D7 /* ThingsflowTests.xctest */ = {isa = PBXFileReference; explicitFileType = wrapper.cfbundle; includeInIndex = 0; path = ThingsflowTests.xctest; sourceTree = BUILT_PRODUCTS_DIR; };
		309D09BC2918D56E00B020D7 /* ThingsflowTests.swift */ = {isa = PBXFileReference; lastKnownFileType = sourcecode.swift; path = ThingsflowTests.swift; sourceTree = "<group>"; };
		309D09C22918D56E00B020D7 /* ThingsflowUITests.xctest */ = {isa = PBXFileReference; explicitFileType = wrapper.cfbundle; includeInIndex = 0; path = ThingsflowUITests.xctest; sourceTree = BUILT_PRODUCTS_DIR; };
		309D09C62918D56E00B020D7 /* ThingsflowUITests.swift */ = {isa = PBXFileReference; lastKnownFileType = sourcecode.swift; path = ThingsflowUITests.swift; sourceTree = "<group>"; };
		309D09C82918D56E00B020D7 /* ThingsflowUITestsLaunchTests.swift */ = {isa = PBXFileReference; lastKnownFileType = sourcecode.swift; path = ThingsflowUITestsLaunchTests.swift; sourceTree = "<group>"; };
		309D09D92918D8E700B020D7 /* HttpMethod.swift */ = {isa = PBXFileReference; lastKnownFileType = sourcecode.swift; path = HttpMethod.swift; sourceTree = "<group>"; };
		309D09DB2918D95100B020D7 /* NetworkError.swift */ = {isa = PBXFileReference; lastKnownFileType = sourcecode.swift; path = NetworkError.swift; sourceTree = "<group>"; };
		309D09DD2918D99400B020D7 /* Requestable.swift */ = {isa = PBXFileReference; lastKnownFileType = sourcecode.swift; path = Requestable.swift; sourceTree = "<group>"; };
		309D09E12918D9CA00B020D7 /* Encodable+Sugar.swift */ = {isa = PBXFileReference; lastKnownFileType = sourcecode.swift; path = "Encodable+Sugar.swift"; sourceTree = "<group>"; };
		309D09E42918D9EA00B020D7 /* Json.swift */ = {isa = PBXFileReference; lastKnownFileType = sourcecode.swift; path = Json.swift; sourceTree = "<group>"; };
		309D09E62918DA1C00B020D7 /* Endpoint.swift */ = {isa = PBXFileReference; lastKnownFileType = sourcecode.swift; path = Endpoint.swift; sourceTree = "<group>"; };
		309D09E82918DA4400B020D7 /* NetworkManager.swift */ = {isa = PBXFileReference; lastKnownFileType = sourcecode.swift; path = NetworkManager.swift; sourceTree = "<group>"; };
		309D09EE2918DC7300B020D7 /* Issue.swift */ = {isa = PBXFileReference; lastKnownFileType = sourcecode.swift; path = Issue.swift; sourceTree = "<group>"; };
		309D09F02918DF2700B020D7 /* EndPointStrage.swift */ = {isa = PBXFileReference; lastKnownFileType = sourcecode.swift; path = EndPointStrage.swift; sourceTree = "<group>"; };
		4197CD0F993564A6ACA36014 /* Pods-ThingsflowTests.release.xcconfig */ = {isa = PBXFileReference; includeInIndex = 1; lastKnownFileType = text.xcconfig; name = "Pods-ThingsflowTests.release.xcconfig"; path = "Target Support Files/Pods-ThingsflowTests/Pods-ThingsflowTests.release.xcconfig"; sourceTree = "<group>"; };
		57D093B409BD3533F5CF1F3A /* Pods_Thingsflow.framework */ = {isa = PBXFileReference; explicitFileType = wrapper.framework; includeInIndex = 0; path = Pods_Thingsflow.framework; sourceTree = BUILT_PRODUCTS_DIR; };
		74F9F391EAB27F4677F3EC4B /* Pods-Thingsflow.debug.xcconfig */ = {isa = PBXFileReference; includeInIndex = 1; lastKnownFileType = text.xcconfig; name = "Pods-Thingsflow.debug.xcconfig"; path = "Target Support Files/Pods-Thingsflow/Pods-Thingsflow.debug.xcconfig"; sourceTree = "<group>"; };
		A5956C299F8740F8402EE926 /* Pods-Thingsflow.release.xcconfig */ = {isa = PBXFileReference; includeInIndex = 1; lastKnownFileType = text.xcconfig; name = "Pods-Thingsflow.release.xcconfig"; path = "Target Support Files/Pods-Thingsflow/Pods-Thingsflow.release.xcconfig"; sourceTree = "<group>"; };
		B34A63F3349E5ED02CD5DD6A /* Pods-Thingsflow-ThingsflowUITests.debug.xcconfig */ = {isa = PBXFileReference; includeInIndex = 1; lastKnownFileType = text.xcconfig; name = "Pods-Thingsflow-ThingsflowUITests.debug.xcconfig"; path = "Target Support Files/Pods-Thingsflow-ThingsflowUITests/Pods-Thingsflow-ThingsflowUITests.debug.xcconfig"; sourceTree = "<group>"; };
		BFE152B1FFB30CAAF78C1003 /* Pods-ThingsflowTests.debug.xcconfig */ = {isa = PBXFileReference; includeInIndex = 1; lastKnownFileType = text.xcconfig; name = "Pods-ThingsflowTests.debug.xcconfig"; path = "Target Support Files/Pods-ThingsflowTests/Pods-ThingsflowTests.debug.xcconfig"; sourceTree = "<group>"; };
		C3BA0BD4DDDB9C68FBAF14B9 /* Pods_ThingsflowTests.framework */ = {isa = PBXFileReference; explicitFileType = wrapper.framework; includeInIndex = 0; path = Pods_ThingsflowTests.framework; sourceTree = BUILT_PRODUCTS_DIR; };
/* End PBXFileReference section */

/* Begin PBXFrameworksBuildPhase section */
		309D099F2918D56D00B020D7 /* Frameworks */ = {
			isa = PBXFrameworksBuildPhase;
			buildActionMask = 2147483647;
			files = (
				7F05CF2FD0F804103F79EA8C /* Pods_Thingsflow.framework in Frameworks */,
			);
			runOnlyForDeploymentPostprocessing = 0;
		};
		309D09B52918D56E00B020D7 /* Frameworks */ = {
			isa = PBXFrameworksBuildPhase;
			buildActionMask = 2147483647;
			files = (
				61C5BFFA6F3C31AF786AD217 /* Pods_ThingsflowTests.framework in Frameworks */,
			);
			runOnlyForDeploymentPostprocessing = 0;
		};
		309D09BF2918D56E00B020D7 /* Frameworks */ = {
			isa = PBXFrameworksBuildPhase;
			buildActionMask = 2147483647;
			files = (
				FC232FF404D9CE0385FB950B /* Pods_Thingsflow_ThingsflowUITests.framework in Frameworks */,
			);
			runOnlyForDeploymentPostprocessing = 0;
		};
/* End PBXFrameworksBuildPhase section */

/* Begin PBXGroup section */
		309D09992918D56D00B020D7 = {
			isa = PBXGroup;
			children = (
				309D09A42918D56D00B020D7 /* Thingsflow */,
				309D09BB2918D56E00B020D7 /* ThingsflowTests */,
				309D09C52918D56E00B020D7 /* ThingsflowUITests */,
				309D09A32918D56D00B020D7 /* Products */,
				3208362202F52C4340BA01CD /* Pods */,
				BDCF3CBAB8754BF391D19E13 /* Frameworks */,
			);
			sourceTree = "<group>";
		};
		309D09A32918D56D00B020D7 /* Products */ = {
			isa = PBXGroup;
			children = (
				309D09A22918D56D00B020D7 /* Thingsflow.app */,
				309D09B82918D56E00B020D7 /* ThingsflowTests.xctest */,
				309D09C22918D56E00B020D7 /* ThingsflowUITests.xctest */,
			);
			name = Products;
			sourceTree = "<group>";
		};
		309D09A42918D56D00B020D7 /* Thingsflow */ = {
			isa = PBXGroup;
			children = (
				309D09B32918D56E00B020D7 /* Info.plist */,
				309D09D52918D7B500B020D7 /* Application */,
				309D09D62918D7BC00B020D7 /* Resource */,
				309D09D72918D7C100B020D7 /* Source */,
				309D09DF2918D9AF00B020D7 /* Utils */,
			);
			path = Thingsflow;
			sourceTree = "<group>";
		};
		309D09BB2918D56E00B020D7 /* ThingsflowTests */ = {
			isa = PBXGroup;
			children = (
				309D09BC2918D56E00B020D7 /* ThingsflowTests.swift */,
			);
			path = ThingsflowTests;
			sourceTree = "<group>";
		};
		309D09C52918D56E00B020D7 /* ThingsflowUITests */ = {
			isa = PBXGroup;
			children = (
				309D09C62918D56E00B020D7 /* ThingsflowUITests.swift */,
				309D09C82918D56E00B020D7 /* ThingsflowUITestsLaunchTests.swift */,
			);
			path = ThingsflowUITests;
			sourceTree = "<group>";
		};
		309D09D52918D7B500B020D7 /* Application */ = {
			isa = PBXGroup;
			children = (
				309D09A52918D56D00B020D7 /* AppDelegate.swift */,
				309D09A72918D56D00B020D7 /* SceneDelegate.swift */,
			);
			path = Application;
			sourceTree = "<group>";
		};
		309D09D62918D7BC00B020D7 /* Resource */ = {
			isa = PBXGroup;
			children = (
				309D09B02918D56E00B020D7 /* LaunchScreen.storyboard */,
				309D09AE2918D56E00B020D7 /* Assets.xcassets */,
			);
			path = Resource;
			sourceTree = "<group>";
		};
		309D09D72918D7C100B020D7 /* Source */ = {
			isa = PBXGroup;
			children = (
				309D09EC2918DC1F00B020D7 /* Domain */,
				309D09D82918D8D200B020D7 /* Data */,
			);
			path = Source;
			sourceTree = "<group>";
		};
		309D09D82918D8D200B020D7 /* Data */ = {
			isa = PBXGroup;
			children = (
				309D09E82918DA4400B020D7 /* NetworkManager.swift */,
				309D09DB2918D95100B020D7 /* NetworkError.swift */,
				309D09D92918D8E700B020D7 /* HttpMethod.swift */,
				309D09DD2918D99400B020D7 /* Requestable.swift */,
				309D09E62918DA1C00B020D7 /* Endpoint.swift */,
				309D09F02918DF2700B020D7 /* EndPointStrage.swift */,
			);
			path = Data;
			sourceTree = "<group>";
		};
		309D09DF2918D9AF00B020D7 /* Utils */ = {
			isa = PBXGroup;
			children = (
				309D09E32918D9D500B020D7 /* Singleton */,
				309D09E02918D9BE00B020D7 /* Extension */,
			);
			path = Utils;
			sourceTree = "<group>";
		};
		309D09E02918D9BE00B020D7 /* Extension */ = {
			isa = PBXGroup;
			children = (
				309D09E12918D9CA00B020D7 /* Encodable+Sugar.swift */,
			);
			path = Extension;
			sourceTree = "<group>";
		};
		309D09E32918D9D500B020D7 /* Singleton */ = {
			isa = PBXGroup;
			children = (
				309D09E42918D9EA00B020D7 /* Json.swift */,
			);
			path = Singleton;
			sourceTree = "<group>";
		};
		309D09EC2918DC1F00B020D7 /* Domain */ = {
			isa = PBXGroup;
			children = (
				309D09ED2918DC3000B020D7 /* Entity */,
			);
			path = Domain;
			sourceTree = "<group>";
		};
		309D09ED2918DC3000B020D7 /* Entity */ = {
			isa = PBXGroup;
			children = (
				309D09EE2918DC7300B020D7 /* Issue.swift */,
			);
			path = Entity;
			sourceTree = "<group>";
		};
		3208362202F52C4340BA01CD /* Pods */ = {
			isa = PBXGroup;
			children = (
				74F9F391EAB27F4677F3EC4B /* Pods-Thingsflow.debug.xcconfig */,
				A5956C299F8740F8402EE926 /* Pods-Thingsflow.release.xcconfig */,
				B34A63F3349E5ED02CD5DD6A /* Pods-Thingsflow-ThingsflowUITests.debug.xcconfig */,
				226F9637E60C6D83C7B27B8D /* Pods-Thingsflow-ThingsflowUITests.release.xcconfig */,
				BFE152B1FFB30CAAF78C1003 /* Pods-ThingsflowTests.debug.xcconfig */,
				4197CD0F993564A6ACA36014 /* Pods-ThingsflowTests.release.xcconfig */,
			);
			path = Pods;
			sourceTree = "<group>";
		};
		BDCF3CBAB8754BF391D19E13 /* Frameworks */ = {
			isa = PBXGroup;
			children = (
				57D093B409BD3533F5CF1F3A /* Pods_Thingsflow.framework */,
				24745CECEBF7D5384DB9EC52 /* Pods_Thingsflow_ThingsflowUITests.framework */,
				C3BA0BD4DDDB9C68FBAF14B9 /* Pods_ThingsflowTests.framework */,
			);
			name = Frameworks;
			sourceTree = "<group>";
		};
/* End PBXGroup section */

/* Begin PBXNativeTarget section */
		309D09A12918D56D00B020D7 /* Thingsflow */ = {
			isa = PBXNativeTarget;
			buildConfigurationList = 309D09CC2918D56E00B020D7 /* Build configuration list for PBXNativeTarget "Thingsflow" */;
			buildPhases = (
				94027AEE0E7C1EF6806F3FFA /* [CP] Check Pods Manifest.lock */,
				309D099E2918D56D00B020D7 /* Sources */,
				309D099F2918D56D00B020D7 /* Frameworks */,
				309D09A02918D56D00B020D7 /* Resources */,
				0B3E8E5D3EB1ED47CC244AC9 /* [CP] Embed Pods Frameworks */,
			);
			buildRules = (
			);
			dependencies = (
			);
			name = Thingsflow;
			productName = Thingsflow;
			productReference = 309D09A22918D56D00B020D7 /* Thingsflow.app */;
			productType = "com.apple.product-type.application";
		};
		309D09B72918D56E00B020D7 /* ThingsflowTests */ = {
			isa = PBXNativeTarget;
			buildConfigurationList = 309D09CF2918D56E00B020D7 /* Build configuration list for PBXNativeTarget "ThingsflowTests" */;
			buildPhases = (
				63EE0F82271A90236B17895E /* [CP] Check Pods Manifest.lock */,
				309D09B42918D56E00B020D7 /* Sources */,
				309D09B52918D56E00B020D7 /* Frameworks */,
				309D09B62918D56E00B020D7 /* Resources */,
			);
			buildRules = (
			);
			dependencies = (
				309D09BA2918D56E00B020D7 /* PBXTargetDependency */,
			);
			name = ThingsflowTests;
			productName = ThingsflowTests;
			productReference = 309D09B82918D56E00B020D7 /* ThingsflowTests.xctest */;
			productType = "com.apple.product-type.bundle.unit-test";
		};
		309D09C12918D56E00B020D7 /* ThingsflowUITests */ = {
			isa = PBXNativeTarget;
			buildConfigurationList = 309D09D22918D56E00B020D7 /* Build configuration list for PBXNativeTarget "ThingsflowUITests" */;
			buildPhases = (
				FDC5FD9848CEAAB945F29C4E /* [CP] Check Pods Manifest.lock */,
				309D09BE2918D56E00B020D7 /* Sources */,
				309D09BF2918D56E00B020D7 /* Frameworks */,
				309D09C02918D56E00B020D7 /* Resources */,
				EDD0B88E1213775B5A0B09B8 /* [CP] Embed Pods Frameworks */,
			);
			buildRules = (
			);
			dependencies = (
				309D09C42918D56E00B020D7 /* PBXTargetDependency */,
			);
			name = ThingsflowUITests;
			productName = ThingsflowUITests;
			productReference = 309D09C22918D56E00B020D7 /* ThingsflowUITests.xctest */;
			productType = "com.apple.product-type.bundle.ui-testing";
		};
/* End PBXNativeTarget section */

/* Begin PBXProject section */
		309D099A2918D56D00B020D7 /* Project object */ = {
			isa = PBXProject;
			attributes = {
				BuildIndependentTargetsInParallel = 1;
				LastSwiftUpdateCheck = 1400;
				LastUpgradeCheck = 1400;
				TargetAttributes = {
					309D09A12918D56D00B020D7 = {
						CreatedOnToolsVersion = 14.0.1;
					};
					309D09B72918D56E00B020D7 = {
						CreatedOnToolsVersion = 14.0.1;
						TestTargetID = 309D09A12918D56D00B020D7;
					};
					309D09C12918D56E00B020D7 = {
						CreatedOnToolsVersion = 14.0.1;
						TestTargetID = 309D09A12918D56D00B020D7;
					};
				};
			};
			buildConfigurationList = 309D099D2918D56D00B020D7 /* Build configuration list for PBXProject "Thingsflow" */;
			compatibilityVersion = "Xcode 14.0";
			developmentRegion = en;
			hasScannedForEncodings = 0;
			knownRegions = (
				en,
				Base,
			);
			mainGroup = 309D09992918D56D00B020D7;
			productRefGroup = 309D09A32918D56D00B020D7 /* Products */;
			projectDirPath = "";
			projectRoot = "";
			targets = (
				309D09A12918D56D00B020D7 /* Thingsflow */,
				309D09B72918D56E00B020D7 /* ThingsflowTests */,
				309D09C12918D56E00B020D7 /* ThingsflowUITests */,
			);
		};
/* End PBXProject section */

/* Begin PBXResourcesBuildPhase section */
		309D09A02918D56D00B020D7 /* Resources */ = {
			isa = PBXResourcesBuildPhase;
			buildActionMask = 2147483647;
			files = (
				309D09B22918D56E00B020D7 /* LaunchScreen.storyboard in Resources */,
				309D09AF2918D56E00B020D7 /* Assets.xcassets in Resources */,
			);
			runOnlyForDeploymentPostprocessing = 0;
		};
		309D09B62918D56E00B020D7 /* Resources */ = {
			isa = PBXResourcesBuildPhase;
			buildActionMask = 2147483647;
			files = (
			);
			runOnlyForDeploymentPostprocessing = 0;
		};
		309D09C02918D56E00B020D7 /* Resources */ = {
			isa = PBXResourcesBuildPhase;
			buildActionMask = 2147483647;
			files = (
			);
			runOnlyForDeploymentPostprocessing = 0;
		};
/* End PBXResourcesBuildPhase section */

/* Begin PBXShellScriptBuildPhase section */
		0B3E8E5D3EB1ED47CC244AC9 /* [CP] Embed Pods Frameworks */ = {
			isa = PBXShellScriptBuildPhase;
			buildActionMask = 2147483647;
			files = (
			);
			inputFileListPaths = (
				"${PODS_ROOT}/Target Support Files/Pods-Thingsflow/Pods-Thingsflow-frameworks-${CONFIGURATION}-input-files.xcfilelist",
			);
			name = "[CP] Embed Pods Frameworks";
			outputFileListPaths = (
				"${PODS_ROOT}/Target Support Files/Pods-Thingsflow/Pods-Thingsflow-frameworks-${CONFIGURATION}-output-files.xcfilelist",
			);
			runOnlyForDeploymentPostprocessing = 0;
			shellPath = /bin/sh;
			shellScript = "\"${PODS_ROOT}/Target Support Files/Pods-Thingsflow/Pods-Thingsflow-frameworks.sh\"\n";
			showEnvVarsInLog = 0;
		};
		63EE0F82271A90236B17895E /* [CP] Check Pods Manifest.lock */ = {
			isa = PBXShellScriptBuildPhase;
			buildActionMask = 2147483647;
			files = (
			);
			inputFileListPaths = (
			);
			inputPaths = (
				"${PODS_PODFILE_DIR_PATH}/Podfile.lock",
				"${PODS_ROOT}/Manifest.lock",
			);
			name = "[CP] Check Pods Manifest.lock";
			outputFileListPaths = (
			);
			outputPaths = (
				"$(DERIVED_FILE_DIR)/Pods-ThingsflowTests-checkManifestLockResult.txt",
			);
			runOnlyForDeploymentPostprocessing = 0;
			shellPath = /bin/sh;
			shellScript = "diff \"${PODS_PODFILE_DIR_PATH}/Podfile.lock\" \"${PODS_ROOT}/Manifest.lock\" > /dev/null\nif [ $? != 0 ] ; then\n    # print error to STDERR\n    echo \"error: The sandbox is not in sync with the Podfile.lock. Run 'pod install' or update your CocoaPods installation.\" >&2\n    exit 1\nfi\n# This output is used by Xcode 'outputs' to avoid re-running this script phase.\necho \"SUCCESS\" > \"${SCRIPT_OUTPUT_FILE_0}\"\n";
			showEnvVarsInLog = 0;
		};
		94027AEE0E7C1EF6806F3FFA /* [CP] Check Pods Manifest.lock */ = {
			isa = PBXShellScriptBuildPhase;
			buildActionMask = 2147483647;
			files = (
			);
			inputFileListPaths = (
			);
			inputPaths = (
				"${PODS_PODFILE_DIR_PATH}/Podfile.lock",
				"${PODS_ROOT}/Manifest.lock",
			);
			name = "[CP] Check Pods Manifest.lock";
			outputFileListPaths = (
			);
			outputPaths = (
				"$(DERIVED_FILE_DIR)/Pods-Thingsflow-checkManifestLockResult.txt",
			);
			runOnlyForDeploymentPostprocessing = 0;
			shellPath = /bin/sh;
			shellScript = "diff \"${PODS_PODFILE_DIR_PATH}/Podfile.lock\" \"${PODS_ROOT}/Manifest.lock\" > /dev/null\nif [ $? != 0 ] ; then\n    # print error to STDERR\n    echo \"error: The sandbox is not in sync with the Podfile.lock. Run 'pod install' or update your CocoaPods installation.\" >&2\n    exit 1\nfi\n# This output is used by Xcode 'outputs' to avoid re-running this script phase.\necho \"SUCCESS\" > \"${SCRIPT_OUTPUT_FILE_0}\"\n";
			showEnvVarsInLog = 0;
		};
		EDD0B88E1213775B5A0B09B8 /* [CP] Embed Pods Frameworks */ = {
			isa = PBXShellScriptBuildPhase;
			buildActionMask = 2147483647;
			files = (
			);
			inputFileListPaths = (
				"${PODS_ROOT}/Target Support Files/Pods-Thingsflow-ThingsflowUITests/Pods-Thingsflow-ThingsflowUITests-frameworks-${CONFIGURATION}-input-files.xcfilelist",
			);
			name = "[CP] Embed Pods Frameworks";
			outputFileListPaths = (
				"${PODS_ROOT}/Target Support Files/Pods-Thingsflow-ThingsflowUITests/Pods-Thingsflow-ThingsflowUITests-frameworks-${CONFIGURATION}-output-files.xcfilelist",
			);
			runOnlyForDeploymentPostprocessing = 0;
			shellPath = /bin/sh;
			shellScript = "\"${PODS_ROOT}/Target Support Files/Pods-Thingsflow-ThingsflowUITests/Pods-Thingsflow-ThingsflowUITests-frameworks.sh\"\n";
			showEnvVarsInLog = 0;
		};
		FDC5FD9848CEAAB945F29C4E /* [CP] Check Pods Manifest.lock */ = {
			isa = PBXShellScriptBuildPhase;
			buildActionMask = 2147483647;
			files = (
			);
			inputFileListPaths = (
			);
			inputPaths = (
				"${PODS_PODFILE_DIR_PATH}/Podfile.lock",
				"${PODS_ROOT}/Manifest.lock",
			);
			name = "[CP] Check Pods Manifest.lock";
			outputFileListPaths = (
			);
			outputPaths = (
				"$(DERIVED_FILE_DIR)/Pods-Thingsflow-ThingsflowUITests-checkManifestLockResult.txt",
			);
			runOnlyForDeploymentPostprocessing = 0;
			shellPath = /bin/sh;
			shellScript = "diff \"${PODS_PODFILE_DIR_PATH}/Podfile.lock\" \"${PODS_ROOT}/Manifest.lock\" > /dev/null\nif [ $? != 0 ] ; then\n    # print error to STDERR\n    echo \"error: The sandbox is not in sync with the Podfile.lock. Run 'pod install' or update your CocoaPods installation.\" >&2\n    exit 1\nfi\n# This output is used by Xcode 'outputs' to avoid re-running this script phase.\necho \"SUCCESS\" > \"${SCRIPT_OUTPUT_FILE_0}\"\n";
			showEnvVarsInLog = 0;
		};
/* End PBXShellScriptBuildPhase section */

/* Begin PBXSourcesBuildPhase section */
		309D099E2918D56D00B020D7 /* Sources */ = {
			isa = PBXSourcesBuildPhase;
			buildActionMask = 2147483647;
			files = (
				309D09E92918DA4400B020D7 /* NetworkManager.swift in Sources */,
				309D09E52918D9EA00B020D7 /* Json.swift in Sources */,
				309D09E22918D9CA00B020D7 /* Encodable+Sugar.swift in Sources */,
				309D09E72918DA1C00B020D7 /* Endpoint.swift in Sources */,
				309D09DE2918D99400B020D7 /* Requestable.swift in Sources */,
				309D09EF2918DC7300B020D7 /* Issue.swift in Sources */,
				309D09A62918D56D00B020D7 /* AppDelegate.swift in Sources */,
				309D09F12918DF2700B020D7 /* EndPointStrage.swift in Sources */,
				309D09DC2918D95100B020D7 /* NetworkError.swift in Sources */,
				309D09DA2918D8E700B020D7 /* HttpMethod.swift in Sources */,
				309D09A82918D56D00B020D7 /* SceneDelegate.swift in Sources */,
			);
			runOnlyForDeploymentPostprocessing = 0;
		};
		309D09B42918D56E00B020D7 /* Sources */ = {
			isa = PBXSourcesBuildPhase;
			buildActionMask = 2147483647;
			files = (
				309D09BD2918D56E00B020D7 /* ThingsflowTests.swift in Sources */,
			);
			runOnlyForDeploymentPostprocessing = 0;
		};
		309D09BE2918D56E00B020D7 /* Sources */ = {
			isa = PBXSourcesBuildPhase;
			buildActionMask = 2147483647;
			files = (
				309D09C72918D56E00B020D7 /* ThingsflowUITests.swift in Sources */,
				309D09C92918D56E00B020D7 /* ThingsflowUITestsLaunchTests.swift in Sources */,
			);
			runOnlyForDeploymentPostprocessing = 0;
		};
/* End PBXSourcesBuildPhase section */

/* Begin PBXTargetDependency section */
		309D09BA2918D56E00B020D7 /* PBXTargetDependency */ = {
			isa = PBXTargetDependency;
			target = 309D09A12918D56D00B020D7 /* Thingsflow */;
			targetProxy = 309D09B92918D56E00B020D7 /* PBXContainerItemProxy */;
		};
		309D09C42918D56E00B020D7 /* PBXTargetDependency */ = {
			isa = PBXTargetDependency;
			target = 309D09A12918D56D00B020D7 /* Thingsflow */;
			targetProxy = 309D09C32918D56E00B020D7 /* PBXContainerItemProxy */;
		};
/* End PBXTargetDependency section */

/* Begin PBXVariantGroup section */
		309D09B02918D56E00B020D7 /* LaunchScreen.storyboard */ = {
			isa = PBXVariantGroup;
			children = (
				309D09B12918D56E00B020D7 /* Base */,
			);
			name = LaunchScreen.storyboard;
			sourceTree = "<group>";
		};
/* End PBXVariantGroup section */

/* Begin XCBuildConfiguration section */
		309D09CA2918D56E00B020D7 /* Debug */ = {
			isa = XCBuildConfiguration;
			buildSettings = {
				ALWAYS_SEARCH_USER_PATHS = NO;
				CLANG_ANALYZER_NONNULL = YES;
				CLANG_ANALYZER_NUMBER_OBJECT_CONVERSION = YES_AGGRESSIVE;
				CLANG_CXX_LANGUAGE_STANDARD = "gnu++20";
				CLANG_ENABLE_MODULES = YES;
				CLANG_ENABLE_OBJC_ARC = YES;
				CLANG_ENABLE_OBJC_WEAK = YES;
				CLANG_WARN_BLOCK_CAPTURE_AUTORELEASING = YES;
				CLANG_WARN_BOOL_CONVERSION = YES;
				CLANG_WARN_COMMA = YES;
				CLANG_WARN_CONSTANT_CONVERSION = YES;
				CLANG_WARN_DEPRECATED_OBJC_IMPLEMENTATIONS = YES;
				CLANG_WARN_DIRECT_OBJC_ISA_USAGE = YES_ERROR;
				CLANG_WARN_DOCUMENTATION_COMMENTS = YES;
				CLANG_WARN_EMPTY_BODY = YES;
				CLANG_WARN_ENUM_CONVERSION = YES;
				CLANG_WARN_INFINITE_RECURSION = YES;
				CLANG_WARN_INT_CONVERSION = YES;
				CLANG_WARN_NON_LITERAL_NULL_CONVERSION = YES;
				CLANG_WARN_OBJC_IMPLICIT_RETAIN_SELF = YES;
				CLANG_WARN_OBJC_LITERAL_CONVERSION = YES;
				CLANG_WARN_OBJC_ROOT_CLASS = YES_ERROR;
				CLANG_WARN_QUOTED_INCLUDE_IN_FRAMEWORK_HEADER = YES;
				CLANG_WARN_RANGE_LOOP_ANALYSIS = YES;
				CLANG_WARN_STRICT_PROTOTYPES = YES;
				CLANG_WARN_SUSPICIOUS_MOVE = YES;
				CLANG_WARN_UNGUARDED_AVAILABILITY = YES_AGGRESSIVE;
				CLANG_WARN_UNREACHABLE_CODE = YES;
				CLANG_WARN__DUPLICATE_METHOD_MATCH = YES;
				COPY_PHASE_STRIP = NO;
				DEBUG_INFORMATION_FORMAT = dwarf;
				ENABLE_STRICT_OBJC_MSGSEND = YES;
				ENABLE_TESTABILITY = YES;
				GCC_C_LANGUAGE_STANDARD = gnu11;
				GCC_DYNAMIC_NO_PIC = NO;
				GCC_NO_COMMON_BLOCKS = YES;
				GCC_OPTIMIZATION_LEVEL = 0;
				GCC_PREPROCESSOR_DEFINITIONS = (
					"DEBUG=1",
					"$(inherited)",
				);
				GCC_WARN_64_TO_32_BIT_CONVERSION = YES;
				GCC_WARN_ABOUT_RETURN_TYPE = YES_ERROR;
				GCC_WARN_UNDECLARED_SELECTOR = YES;
				GCC_WARN_UNINITIALIZED_AUTOS = YES_AGGRESSIVE;
				GCC_WARN_UNUSED_FUNCTION = YES;
				GCC_WARN_UNUSED_VARIABLE = YES;
				IPHONEOS_DEPLOYMENT_TARGET = 16.0;
				MTL_ENABLE_DEBUG_INFO = INCLUDE_SOURCE;
				MTL_FAST_MATH = YES;
				ONLY_ACTIVE_ARCH = YES;
				SDKROOT = iphoneos;
				SWIFT_ACTIVE_COMPILATION_CONDITIONS = DEBUG;
				SWIFT_OPTIMIZATION_LEVEL = "-Onone";
			};
			name = Debug;
		};
		309D09CB2918D56E00B020D7 /* Release */ = {
			isa = XCBuildConfiguration;
			buildSettings = {
				ALWAYS_SEARCH_USER_PATHS = NO;
				CLANG_ANALYZER_NONNULL = YES;
				CLANG_ANALYZER_NUMBER_OBJECT_CONVERSION = YES_AGGRESSIVE;
				CLANG_CXX_LANGUAGE_STANDARD = "gnu++20";
				CLANG_ENABLE_MODULES = YES;
				CLANG_ENABLE_OBJC_ARC = YES;
				CLANG_ENABLE_OBJC_WEAK = YES;
				CLANG_WARN_BLOCK_CAPTURE_AUTORELEASING = YES;
				CLANG_WARN_BOOL_CONVERSION = YES;
				CLANG_WARN_COMMA = YES;
				CLANG_WARN_CONSTANT_CONVERSION = YES;
				CLANG_WARN_DEPRECATED_OBJC_IMPLEMENTATIONS = YES;
				CLANG_WARN_DIRECT_OBJC_ISA_USAGE = YES_ERROR;
				CLANG_WARN_DOCUMENTATION_COMMENTS = YES;
				CLANG_WARN_EMPTY_BODY = YES;
				CLANG_WARN_ENUM_CONVERSION = YES;
				CLANG_WARN_INFINITE_RECURSION = YES;
				CLANG_WARN_INT_CONVERSION = YES;
				CLANG_WARN_NON_LITERAL_NULL_CONVERSION = YES;
				CLANG_WARN_OBJC_IMPLICIT_RETAIN_SELF = YES;
				CLANG_WARN_OBJC_LITERAL_CONVERSION = YES;
				CLANG_WARN_OBJC_ROOT_CLASS = YES_ERROR;
				CLANG_WARN_QUOTED_INCLUDE_IN_FRAMEWORK_HEADER = YES;
				CLANG_WARN_RANGE_LOOP_ANALYSIS = YES;
				CLANG_WARN_STRICT_PROTOTYPES = YES;
				CLANG_WARN_SUSPICIOUS_MOVE = YES;
				CLANG_WARN_UNGUARDED_AVAILABILITY = YES_AGGRESSIVE;
				CLANG_WARN_UNREACHABLE_CODE = YES;
				CLANG_WARN__DUPLICATE_METHOD_MATCH = YES;
				COPY_PHASE_STRIP = NO;
				DEBUG_INFORMATION_FORMAT = "dwarf-with-dsym";
				ENABLE_NS_ASSERTIONS = NO;
				ENABLE_STRICT_OBJC_MSGSEND = YES;
				GCC_C_LANGUAGE_STANDARD = gnu11;
				GCC_NO_COMMON_BLOCKS = YES;
				GCC_WARN_64_TO_32_BIT_CONVERSION = YES;
				GCC_WARN_ABOUT_RETURN_TYPE = YES_ERROR;
				GCC_WARN_UNDECLARED_SELECTOR = YES;
				GCC_WARN_UNINITIALIZED_AUTOS = YES_AGGRESSIVE;
				GCC_WARN_UNUSED_FUNCTION = YES;
				GCC_WARN_UNUSED_VARIABLE = YES;
				IPHONEOS_DEPLOYMENT_TARGET = 16.0;
				MTL_ENABLE_DEBUG_INFO = NO;
				MTL_FAST_MATH = YES;
				SDKROOT = iphoneos;
				SWIFT_COMPILATION_MODE = wholemodule;
				SWIFT_OPTIMIZATION_LEVEL = "-O";
				VALIDATE_PRODUCT = YES;
			};
			name = Release;
		};
		309D09CD2918D56E00B020D7 /* Debug */ = {
			isa = XCBuildConfiguration;
			baseConfigurationReference = 74F9F391EAB27F4677F3EC4B /* Pods-Thingsflow.debug.xcconfig */;
			buildSettings = {
				ASSETCATALOG_COMPILER_APPICON_NAME = AppIcon;
				ASSETCATALOG_COMPILER_GLOBAL_ACCENT_COLOR_NAME = AccentColor;
				CODE_SIGN_STYLE = Automatic;
				CURRENT_PROJECT_VERSION = 1;
				GENERATE_INFOPLIST_FILE = YES;
				INFOPLIST_FILE = Thingsflow/Info.plist;
				INFOPLIST_KEY_UIApplicationSupportsIndirectInputEvents = YES;
				INFOPLIST_KEY_UILaunchStoryboardName = LaunchScreen;
				INFOPLIST_KEY_UISupportedInterfaceOrientations_iPad = "UIInterfaceOrientationPortrait UIInterfaceOrientationPortraitUpsideDown UIInterfaceOrientationLandscapeLeft UIInterfaceOrientationLandscapeRight";
				INFOPLIST_KEY_UISupportedInterfaceOrientations_iPhone = "UIInterfaceOrientationPortrait UIInterfaceOrientationLandscapeLeft UIInterfaceOrientationLandscapeRight";
				IPHONEOS_DEPLOYMENT_TARGET = 14.0;
				LD_RUNPATH_SEARCH_PATHS = (
					"$(inherited)",
					"@executable_path/Frameworks",
				);
				MARKETING_VERSION = 1.0;
				PRODUCT_BUNDLE_IDENTIFIER = malrang.Thingsflow;
				PRODUCT_NAME = "$(TARGET_NAME)";
				SWIFT_EMIT_LOC_STRINGS = YES;
				SWIFT_VERSION = 5.0;
				TARGETED_DEVICE_FAMILY = "1,2";
			};
			name = Debug;
		};
		309D09CE2918D56E00B020D7 /* Release */ = {
			isa = XCBuildConfiguration;
			baseConfigurationReference = A5956C299F8740F8402EE926 /* Pods-Thingsflow.release.xcconfig */;
			buildSettings = {
				ASSETCATALOG_COMPILER_APPICON_NAME = AppIcon;
				ASSETCATALOG_COMPILER_GLOBAL_ACCENT_COLOR_NAME = AccentColor;
				CODE_SIGN_STYLE = Automatic;
				CURRENT_PROJECT_VERSION = 1;
				GENERATE_INFOPLIST_FILE = YES;
				INFOPLIST_FILE = Thingsflow/Info.plist;
				INFOPLIST_KEY_UIApplicationSupportsIndirectInputEvents = YES;
				INFOPLIST_KEY_UILaunchStoryboardName = LaunchScreen;
				INFOPLIST_KEY_UISupportedInterfaceOrientations_iPad = "UIInterfaceOrientationPortrait UIInterfaceOrientationPortraitUpsideDown UIInterfaceOrientationLandscapeLeft UIInterfaceOrientationLandscapeRight";
				INFOPLIST_KEY_UISupportedInterfaceOrientations_iPhone = "UIInterfaceOrientationPortrait UIInterfaceOrientationLandscapeLeft UIInterfaceOrientationLandscapeRight";
				IPHONEOS_DEPLOYMENT_TARGET = 14.0;
				LD_RUNPATH_SEARCH_PATHS = (
					"$(inherited)",
					"@executable_path/Frameworks",
				);
				MARKETING_VERSION = 1.0;
				PRODUCT_BUNDLE_IDENTIFIER = malrang.Thingsflow;
				PRODUCT_NAME = "$(TARGET_NAME)";
				SWIFT_EMIT_LOC_STRINGS = YES;
				SWIFT_VERSION = 5.0;
				TARGETED_DEVICE_FAMILY = "1,2";
			};
			name = Release;
		};
		309D09D02918D56E00B020D7 /* Debug */ = {
			isa = XCBuildConfiguration;
			baseConfigurationReference = BFE152B1FFB30CAAF78C1003 /* Pods-ThingsflowTests.debug.xcconfig */;
			buildSettings = {
				ALWAYS_EMBED_SWIFT_STANDARD_LIBRARIES = YES;
				BUNDLE_LOADER = "$(TEST_HOST)";
				CODE_SIGN_STYLE = Automatic;
				CURRENT_PROJECT_VERSION = 1;
				GENERATE_INFOPLIST_FILE = YES;
				IPHONEOS_DEPLOYMENT_TARGET = 16.0;
				MARKETING_VERSION = 1.0;
				PRODUCT_BUNDLE_IDENTIFIER = malrang.ThingsflowTests;
				PRODUCT_NAME = "$(TARGET_NAME)";
				SWIFT_EMIT_LOC_STRINGS = NO;
				SWIFT_VERSION = 5.0;
				TARGETED_DEVICE_FAMILY = "1,2";
				TEST_HOST = "$(BUILT_PRODUCTS_DIR)/Thingsflow.app/$(BUNDLE_EXECUTABLE_FOLDER_PATH)/Thingsflow";
			};
			name = Debug;
		};
		309D09D12918D56E00B020D7 /* Release */ = {
			isa = XCBuildConfiguration;
			baseConfigurationReference = 4197CD0F993564A6ACA36014 /* Pods-ThingsflowTests.release.xcconfig */;
			buildSettings = {
				ALWAYS_EMBED_SWIFT_STANDARD_LIBRARIES = YES;
				BUNDLE_LOADER = "$(TEST_HOST)";
				CODE_SIGN_STYLE = Automatic;
				CURRENT_PROJECT_VERSION = 1;
				GENERATE_INFOPLIST_FILE = YES;
				IPHONEOS_DEPLOYMENT_TARGET = 16.0;
				MARKETING_VERSION = 1.0;
				PRODUCT_BUNDLE_IDENTIFIER = malrang.ThingsflowTests;
				PRODUCT_NAME = "$(TARGET_NAME)";
				SWIFT_EMIT_LOC_STRINGS = NO;
				SWIFT_VERSION = 5.0;
				TARGETED_DEVICE_FAMILY = "1,2";
				TEST_HOST = "$(BUILT_PRODUCTS_DIR)/Thingsflow.app/$(BUNDLE_EXECUTABLE_FOLDER_PATH)/Thingsflow";
			};
			name = Release;
		};
		309D09D32918D56E00B020D7 /* Debug */ = {
			isa = XCBuildConfiguration;
			baseConfigurationReference = B34A63F3349E5ED02CD5DD6A /* Pods-Thingsflow-ThingsflowUITests.debug.xcconfig */;
			buildSettings = {
				ALWAYS_EMBED_SWIFT_STANDARD_LIBRARIES = YES;
				CODE_SIGN_STYLE = Automatic;
				CURRENT_PROJECT_VERSION = 1;
				GENERATE_INFOPLIST_FILE = YES;
				MARKETING_VERSION = 1.0;
				PRODUCT_BUNDLE_IDENTIFIER = malrang.ThingsflowUITests;
				PRODUCT_NAME = "$(TARGET_NAME)";
				SWIFT_EMIT_LOC_STRINGS = NO;
				SWIFT_VERSION = 5.0;
				TARGETED_DEVICE_FAMILY = "1,2";
				TEST_TARGET_NAME = Thingsflow;
			};
			name = Debug;
		};
		309D09D42918D56E00B020D7 /* Release */ = {
			isa = XCBuildConfiguration;
			baseConfigurationReference = 226F9637E60C6D83C7B27B8D /* Pods-Thingsflow-ThingsflowUITests.release.xcconfig */;
			buildSettings = {
				ALWAYS_EMBED_SWIFT_STANDARD_LIBRARIES = YES;
				CODE_SIGN_STYLE = Automatic;
				CURRENT_PROJECT_VERSION = 1;
				GENERATE_INFOPLIST_FILE = YES;
				MARKETING_VERSION = 1.0;
				PRODUCT_BUNDLE_IDENTIFIER = malrang.ThingsflowUITests;
				PRODUCT_NAME = "$(TARGET_NAME)";
				SWIFT_EMIT_LOC_STRINGS = NO;
				SWIFT_VERSION = 5.0;
				TARGETED_DEVICE_FAMILY = "1,2";
				TEST_TARGET_NAME = Thingsflow;
			};
			name = Release;
		};
/* End XCBuildConfiguration section */

/* Begin XCConfigurationList section */
		309D099D2918D56D00B020D7 /* Build configuration list for PBXProject "Thingsflow" */ = {
			isa = XCConfigurationList;
			buildConfigurations = (
				309D09CA2918D56E00B020D7 /* Debug */,
				309D09CB2918D56E00B020D7 /* Release */,
			);
			defaultConfigurationIsVisible = 0;
			defaultConfigurationName = Release;
		};
		309D09CC2918D56E00B020D7 /* Build configuration list for PBXNativeTarget "Thingsflow" */ = {
			isa = XCConfigurationList;
			buildConfigurations = (
				309D09CD2918D56E00B020D7 /* Debug */,
				309D09CE2918D56E00B020D7 /* Release */,
			);
			defaultConfigurationIsVisible = 0;
			defaultConfigurationName = Release;
		};
		309D09CF2918D56E00B020D7 /* Build configuration list for PBXNativeTarget "ThingsflowTests" */ = {
			isa = XCConfigurationList;
			buildConfigurations = (
				309D09D02918D56E00B020D7 /* Debug */,
				309D09D12918D56E00B020D7 /* Release */,
			);
			defaultConfigurationIsVisible = 0;
			defaultConfigurationName = Release;
		};
		309D09D22918D56E00B020D7 /* Build configuration list for PBXNativeTarget "ThingsflowUITests" */ = {
			isa = XCConfigurationList;
			buildConfigurations = (
				309D09D32918D56E00B020D7 /* Debug */,
				309D09D42918D56E00B020D7 /* Release */,
			);
			defaultConfigurationIsVisible = 0;
			defaultConfigurationName = Release;
		};
/* End XCConfigurationList section */
	};
	rootObject = 309D099A2918D56D00B020D7 /* Project object */;
}
